
Microsoft Visual Studio Solution File, Format Version 12.00
# Visual Studio Version 16
VisualStudioVersion = 16.0.29409.12
MinimumVisualStudioVersion = 10.0.40219.1
Project("{FAE04EC0-301F-11D3-BF4B-00C04F79EFBC}") = "SpaceX-Launch", "SpaceX-Launch.csproj", "{57CB3C04-F479-4481-8EC8-53413FD27E82}"
EndProject
Global
	GlobalSection(SolutionConfigurationPlatforms) = preSolution
		Debug|Any CPU = Debug|Any CPU
		Release|Any CPU = Release|Any CPU
	EndGlobalSection
	GlobalSection(ProjectConfigurationPlatforms) = postSolution
		{57CB3C04-F479-4481-8EC8-53413FD27E82}.Debug|Any CPU.ActiveCfg = Debug|Any CPU
		{57CB3C04-F479-4481-8EC8-53413FD27E82}.Debug|Any CPU.Build.0 = Debug|Any CPU
		{57CB3C04-F479-4481-8EC8-53413FD27E82}.Release|Any CPU.ActiveCfg = Release|Any CPU
		{57CB3C04-F479-4481-8EC8-53413FD27E82}.Release|Any CPU.Build.0 = Release|Any CPU
	EndGlobalSection
	GlobalSection(SolutionProperties) = preSolution
		HideSolutionNode = FALSE
	EndGlobalSection
	GlobalSection(ExtensibilityGlobals) = postSolution
		SolutionGuid = {73D88C50-0B10-4281-9720-FAA80CFDFD17}
	EndGlobalSection
EndGlobal
